<?xml version="1.0" encoding="utf-8"?>
<Project ToolsVersion="4.0" xmlns="http://schemas.microsoft.com/developer/msbuild/2003">
  <ItemGroup>
    <ClCompile Include="main.cpp" />
    <ClCompile Include="SImage.cpp" />
    <ClCompile Include="fastnoise\private\technique.cpp">
      <Filter>fastnoise\private</Filter>
    </ClCompile>
    <ClCompile Include="fastnoise\DX12Utils\FileCache.cpp">
      <Filter>fastnoise\DX12Utils</Filter>
    </ClCompile>
    <ClCompile Include="fastnoise\DX12Utils\shadercompiler_dxc.cpp">
      <Filter>fastnoise\DX12Utils</Filter>
    </ClCompile>
    <ClCompile Include="fastnoise\DX12Utils\shadercompiler_fxc.cpp">
      <Filter>fastnoise\DX12Utils</Filter>
    </ClCompile>
    <ClCompile Include="fastnoise\DX12Utils\TextureCache.cpp">
      <Filter>fastnoise\DX12Utils</Filter>
    </ClCompile>
    <ClCompile Include="fastnoise\DX12Utils\dxutils.cpp">
      <Filter>fastnoise\DX12Utils</Filter>
    </ClCompile>
    <ClCompile Include="fastnoise\DX12Utils\tinyexr\deps\miniz\miniz.c">
      <Filter>fastnoise\DX12Utils\tinyexr\deps\miniz</Filter>
    </ClCompile>
  </ItemGroup>
  <ItemGroup>
    <Filter Include="fastnoise">
      <UniqueIdentifier>{74677614-04c4-41a4-b4ce-b346b9e01743}</UniqueIdentifier>
    </Filter>
    <Filter Include="fastnoise\public">
      <UniqueIdentifier>{bfa0ba36-0977-493d-99dd-e3a0a69de0db}</UniqueIdentifier>
    </Filter>
    <Filter Include="fastnoise\private">
      <UniqueIdentifier>{e499894d-7927-4ea5-98be-83b8248222d4}</UniqueIdentifier>
    </Filter>
    <Filter Include="fastnoise\shaders">
      <UniqueIdentifier>{38c4a736-15a6-4cbb-86cd-b6eef0abe3e7}</UniqueIdentifier>
    </Filter>
    <Filter Include="scripts">
      <UniqueIdentifier>{fdea1898-8ed3-4c6f-9863-db1eedfa29d1}</UniqueIdentifier>
    </Filter>
    <Filter Include="fastnoise\DX12Utils">
      <UniqueIdentifier>{10a4a3f5-70d6-4bae-af5b-175ed907658c}</UniqueIdentifier>
    </Filter>
    <Filter Include="fastnoise\DX12Utils\stb">
      <UniqueIdentifier>{b1945e3f-4e71-4611-a973-62c49ad225cd}</UniqueIdentifier>
    </Filter>
    <Filter Include="fastnoise\DX12Utils\tinyexr">
      <UniqueIdentifier>{b835e63c-93b9-4180-a843-034b9bee126b}</UniqueIdentifier>
    </Filter>
    <Filter Include="fastnoise\DX12Utils\tinyexr\deps">
      <UniqueIdentifier>{ca1a69ec-73d7-493a-80f1-bc4b62b0b0f1}</UniqueIdentifier>
    </Filter>
    <Filter Include="fastnoise\DX12Utils\tinyexr\deps\miniz">
      <UniqueIdentifier>{db73e9ca-6d9c-4c4d-ae58-8320ef553c03}</UniqueIdentifier>
    </Filter>
  </ItemGroup>
  <ItemGroup>
    <ClInclude Include="DX12.h" />
    <ClInclude Include="SImage.h" />
    <ClInclude Include="SBuffer.h" />
    <ClInclude Include="fastnoise\public\all.h">
      <Filter>fastnoise\public</Filter>
    </ClInclude>
    <ClInclude Include="fastnoise\public\imgui.h">
      <Filter>fastnoise\public</Filter>
    </ClInclude>
    <ClInclude Include="fastnoise\public\pythoninterface.h">
      <Filter>fastnoise\public</Filter>
    </ClInclude>
    <ClInclude Include="fastnoise\public\technique.h">
      <Filter>fastnoise\public</Filter>
    </ClInclude>
    <ClInclude Include="fastnoise\private\technique.h">
      <Filter>fastnoise\private</Filter>
    </ClInclude>
    <ClInclude Include="fastnoise\DX12Utils\FileCache.h">
      <Filter>fastnoise\DX12Utils</Filter>
    </ClInclude>
    <ClInclude Include="fastnoise\DX12Utils\HeapAllocationTracker.h">
      <Filter>fastnoise\DX12Utils</Filter>
    </ClInclude>
    <ClInclude Include="fastnoise\DX12Utils\logfn.h">
      <Filter>fastnoise\DX12Utils</Filter>
    </ClInclude>
    <ClInclude Include="fastnoise\DX12Utils\ParseCSV.h">
      <Filter>fastnoise\DX12Utils</Filter>
    </ClInclude>
    <ClInclude Include="fastnoise\DX12Utils\ReadbackHelper.h">
      <Filter>fastnoise\DX12Utils</Filter>
    </ClInclude>
    <ClInclude Include="fastnoise\DX12Utils\shadercompiler.h">
      <Filter>fastnoise\DX12Utils</Filter>
    </ClInclude>
    <ClInclude Include="fastnoise\DX12Utils\SRGB.h">
      <Filter>fastnoise\DX12Utils</Filter>
    </ClInclude>
    <ClInclude Include="fastnoise\DX12Utils\TextureCache.h">
      <Filter>fastnoise\DX12Utils</Filter>
    </ClInclude>
    <ClInclude Include="fastnoise\DX12Utils\DelayedReleaseTracker.h">
      <Filter>fastnoise\DX12Utils</Filter>
    </ClInclude>
    <ClInclude Include="fastnoise\DX12Utils\dxutils.h">
      <Filter>fastnoise\DX12Utils</Filter>
    </ClInclude>
    <ClInclude Include="fastnoise\DX12Utils\stb\stb_image.h">
      <Filter>fastnoise\DX12Utils\stb</Filter>
    </ClInclude>
    <ClInclude Include="fastnoise\DX12Utils\stb\stb_image_write.h">
      <Filter>fastnoise\DX12Utils\stb</Filter>
    </ClInclude>
    <ClInclude Include="fastnoise\DX12Utils\tinyexr\tinyexr.h">
      <Filter>fastnoise\DX12Utils\tinyexr</Filter>
    </ClInclude>
    <ClInclude Include="fastnoise\DX12Utils\tinyexr\deps\miniz\miniz.h">
      <Filter>fastnoise\DX12Utils\tinyexr\deps\miniz</Filter>
    </ClInclude>
  </ItemGroup>
  <ItemGroup>
    <None Include="scripts\histogram.py">
      <Filter>scripts</Filter>
    </None>
    <None Include="scripts\spectrum.py">
      <Filter>scripts</Filter>
    </None>
    <None Include="scripts\temporal.py">
      <Filter>scripts</Filter>
    </None>
    <None Include="scripts\temporal-plot.py">
      <Filter>scripts</Filter>
    </None>
    <None Include="scripts\makenoise-temporal.py">
      <Filter>scripts</Filter>
    </None>
    <None Include="scripts\makenoise-spatial.py">
      <Filter>scripts</Filter>
    </None>
    <None Include="fastnoise\shaders\fastnoise.hlsl">
      <Filter>fastnoise\shaders</Filter>
    </None>
    <None Include="fastnoise\shaders\init.hlsl">
      <Filter>fastnoise\shaders</Filter>
    </None>
    <None Include="fastnoise\shaders\loss.hlsl">
      <Filter>fastnoise\shaders</Filter>
    </None>
    <None Include="fastnoise\shaders\swap.hlsl">
      <Filter>fastnoise\shaders</Filter>
    </None>
  </ItemGroup>
</Project>